
Microsoft Visual Studio Solution File, Format Version 12.00
# Visual Studio Version 16
VisualStudioVersion = 16.0.30907.101
MinimumVisualStudioVersion = 10.0.40219.1
Project("{FAE04EC0-301F-11D3-BF4B-00C04F79EFBC}") = "lab1.2", "lab1.2\lab1.2.csproj", "{5265AE0C-2F0B-42A6-AAF9-34E690368DEF}"
EndProject
Global
	GlobalSection(SolutionConfigurationPlatforms) = preSolution
		Debug|Any CPU = Debug|Any CPU
		Release|Any CPU = Release|Any CPU
	EndGlobalSection
	GlobalSection(ProjectConfigurationPlatforms) = postSolution
		{5265AE0C-2F0B-42A6-AAF9-34E690368DEF}.Debug|Any CPU.ActiveCfg = Debug|Any CPU
		{5265AE0C-2F0B-42A6-AAF9-34E690368DEF}.Debug|Any CPU.Build.0 = Debug|Any CPU
		{5265AE0C-2F0B-42A6-AAF9-34E690368DEF}.Release|Any CPU.ActiveCfg = Release|Any CPU
		{5265AE0C-2F0B-42A6-AAF9-34E690368DEF}.Release|Any CPU.Build.0 = Release|Any CPU
	EndGlobalSection
	GlobalSection(SolutionProperties) = preSolution
		HideSolutionNode = FALSE
	EndGlobalSection
	GlobalSection(ExtensibilityGlobals) = postSolution
		SolutionGuid = {E0EDC7FC-1A93-4723-90B3-15B424736E8F}
	EndGlobalSection
EndGlobal
